
Microsoft Visual Studio Solution File, Format Version 12.00
# Visual Studio Version 17
VisualStudioVersion = 17.9.34622.214
MinimumVisualStudioVersion = 10.0.40219.1
Project("{FAE04EC0-301F-11D3-BF4B-00C04F79EFBC}") = "22520853_Lab5", "22520853_Lab5.csproj", "{1B83DB18-80CB-43CB-9B8B-CA8D2929FFD0}"
EndProject
Global
	GlobalSection(SolutionConfigurationPlatforms) = preSolution
		Debug|Any CPU = Debug|Any CPU
		Release|Any CPU = Release|Any CPU
	EndGlobalSection
	GlobalSection(ProjectConfigurationPlatforms) = postSolution
		{1B83DB18-80CB-43CB-9B8B-CA8D2929FFD0}.Debug|Any CPU.ActiveCfg = Debug|Any CPU
		{1B83DB18-80CB-43CB-9B8B-CA8D2929FFD0}.Debug|Any CPU.Build.0 = Debug|Any CPU
		{1B83DB18-80CB-43CB-9B8B-CA8D2929FFD0}.Release|Any CPU.ActiveCfg = Release|Any CPU
		{1B83DB18-80CB-43CB-9B8B-CA8D2929FFD0}.Release|Any CPU.Build.0 = Release|Any CPU
	EndGlobalSection
	GlobalSection(SolutionProperties) = preSolution
		HideSolutionNode = FALSE
	EndGlobalSection
	GlobalSection(ExtensibilityGlobals) = postSolution
		SolutionGuid = {3BB958A7-4771-40E9-AB71-48901FF09B9C}
	EndGlobalSection
EndGlobal
